# This file is generated by running "yarn install" inside your project.
# Manual changes might be lost - proceed with caution!

__metadata:
  version: 4
  cacheKey: 8

"@nodelib/fs.scandir@npm:2.1.5":
  version: 2.1.5
  resolution: "@nodelib/fs.scandir@npm:2.1.5"
  dependencies:
    "@nodelib/fs.stat": 2.0.5
    run-parallel: ^1.1.9
  checksum: a970d595bd23c66c880e0ef1817791432dbb7acbb8d44b7e7d0e7a22f4521260d4a83f7f9fd61d44fda4610105577f8f58a60718105fb38352baed612fd79e59
  languageName: node
  linkType: hard

"@nodelib/fs.stat@npm:2.0.5, @nodelib/fs.stat@npm:^2.0.2":
  version: 2.0.5
  resolution: "@nodelib/fs.stat@npm:2.0.5"
  checksum: 012480b5ca9d97bff9261571dbbec7bbc6033f69cc92908bc1ecfad0792361a5a1994bc48674b9ef76419d056a03efadfce5a6cf6dbc0a36559571a7a483f6f0
  languageName: node
  linkType: hard

"@nodelib/fs.walk@npm:^1.2.3":
  version: 1.2.7
  resolution: "@nodelib/fs.walk@npm:1.2.7"
  dependencies:
    "@nodelib/fs.scandir": 2.1.5
    fastq: ^1.6.0
  checksum: f5286c39c2f9cc0e89b2cbee6b735c5cf572c37f9c0a47a16ce3c1d9ba5d488f3153976ceb1b984ad09dbd8d1de620fab3e7b0ef2b64a006267d0895a16ce95c
  languageName: node
  linkType: hard

"argparse@npm:^2.0.1":
  version: 2.0.1
  resolution: "argparse@npm:2.0.1"
  checksum: 83644b56493e89a254bae05702abf3a1101b4fa4d0ca31df1c9985275a5a5bd47b3c27b7fa0b71098d41114d8ca000e6ed90cad764b306f8a503665e4d517ced
  languageName: node
  linkType: hard

"array-union@npm:^2.1.0":
  version: 2.1.0
  resolution: "array-union@npm:2.1.0"
  checksum: 5bee12395cba82da674931df6d0fea23c4aa4660cb3b338ced9f828782a65caa232573e6bf3968f23e0c5eb301764a382cef2f128b170a9dc59de0e36c39f98d
  languageName: node
  linkType: hard

"braces@npm:^3.0.1":
  version: 3.0.2
  resolution: "braces@npm:3.0.2"
  dependencies:
    fill-range: ^7.0.1
  checksum: e2a8e769a863f3d4ee887b5fe21f63193a891c68b612ddb4b68d82d1b5f3ff9073af066c343e9867a393fe4c2555dcb33e89b937195feb9c1613d259edfcd459
  languageName: node
  linkType: hard

"dir-glob@npm:^3.0.1":
  version: 3.0.1
  resolution: "dir-glob@npm:3.0.1"
  dependencies:
    path-type: ^4.0.0
  checksum: fa05e18324510d7283f55862f3161c6759a3f2f8dbce491a2fc14c8324c498286c54282c1f0e933cb930da8419b30679389499b919122952a4f8592362ef4615
  languageName: node
  linkType: hard

"entities@npm:~2.1.0":
  version: 2.1.0
  resolution: "entities@npm:2.1.0"
  checksum: a10a877e489586a3f6a691fe49bf3fc4e58f06c8e80522f08214a5150ba457e7017b447d4913a3fa041bda06ee4c92517baa4d8d75373eaa79369e9639225ffd
  languageName: node
  linkType: hard

"fast-glob@npm:^3.1.1":
  version: 3.2.5
  resolution: "fast-glob@npm:3.2.5"
  dependencies:
    "@nodelib/fs.stat": ^2.0.2
    "@nodelib/fs.walk": ^1.2.3
    glob-parent: ^5.1.0
    merge2: ^1.3.0
    micromatch: ^4.0.2
    picomatch: ^2.2.1
  checksum: 5d6772c9b63dbb739d60b5630851e1f2cbf9744119e0968eac44c9f8cbc2d3d5cb4f2f0c74715ccb23daa336c87bea42186ed367e6c991afee61cd3d967320eb
  languageName: node
  linkType: hard

"fastq@npm:^1.6.0":
  version: 1.11.0
  resolution: "fastq@npm:1.11.0"
  dependencies:
    reusify: ^1.0.4
  checksum: 9db0ceea9280c5f207da40c562a4e574913c18933cd74b880b01bf8e81a9a6e368ec71e89c9c1b9f4066d0275cc22600efd6dde87f713217acbf67076481734b
  languageName: node
  linkType: hard

"fill-range@npm:^7.0.1":
  version: 7.0.1
  resolution: "fill-range@npm:7.0.1"
  dependencies:
    to-regex-range: ^5.0.1
  checksum: cc283f4e65b504259e64fd969bcf4def4eb08d85565e906b7d36516e87819db52029a76b6363d0f02d0d532f0033c9603b9e2d943d56ee3b0d4f7ad3328ff917
  languageName: node
  linkType: hard

"glob-parent@npm:^5.1.0":
  version: 5.1.2
  resolution: "glob-parent@npm:5.1.2"
  dependencies:
    is-glob: ^4.0.1
  checksum: f4f2bfe2425296e8a47e36864e4f42be38a996db40420fe434565e4480e3322f18eb37589617a98640c5dc8fdec1a387007ee18dbb1f3f5553409c34d17f425e
  languageName: node
  linkType: hard

"globby@npm:~11.0.4":
  version: 11.0.4
  resolution: "globby@npm:11.0.4"
  dependencies:
    array-union: ^2.1.0
    dir-glob: ^3.0.1
    fast-glob: ^3.1.1
    ignore: ^5.1.4
    merge2: ^1.3.0
    slash: ^3.0.0
  checksum: d3e02d5e459e02ffa578b45f040381c33e3c0538ed99b958f0809230c423337999867d7b0dbf752ce93c46157d3bbf154d3fff988a93ccaeb627df8e1841775b
  languageName: node
  linkType: hard

"ignore@npm:^5.1.4":
  version: 5.1.8
  resolution: "ignore@npm:5.1.8"
  checksum: 967abadb61e2cb0e5c5e8c4e1686ab926f91bc1a4680d994b91947d3c65d04c3ae126dcdf67f08e0feeb8ff8407d453e641aeeddcc47a3a3cca359f283cf6121
  languageName: node
  linkType: hard

"is-extglob@npm:^2.1.1":
  version: 2.1.1
  resolution: "is-extglob@npm:2.1.1"
  checksum: df033653d06d0eb567461e58a7a8c9f940bd8c22274b94bf7671ab36df5719791aae15eef6d83bbb5e23283967f2f984b8914559d4449efda578c775c4be6f85
  languageName: node
  linkType: hard

"is-glob@npm:^4.0.1":
  version: 4.0.1
  resolution: "is-glob@npm:4.0.1"
  dependencies:
    is-extglob: ^2.1.1
  checksum: 84627cad11b4e745f5db5a163f32c47b711585a5ff6e14f8f8d026db87f4cdd3e2c95f6fa1f94ad22e469f36d819ae2814f03f9c668b164422ac3354a94672d3
  languageName: node
  linkType: hard

"is-number@npm:^7.0.0":
  version: 7.0.0
  resolution: "is-number@npm:7.0.0"
  checksum: 456ac6f8e0f3111ed34668a624e45315201dff921e5ac181f8ec24923b99e9f32ca1a194912dc79d539c97d33dba17dc635202ff0b2cf98326f608323276d27a
  languageName: node
  linkType: hard

"linkify-it@npm:^3.0.1":
  version: 3.0.2
  resolution: "linkify-it@npm:3.0.2"
  dependencies:
    uc.micro: ^1.0.1
  checksum: 08e14854ec3c29e3578311b1cd95e469952a27f191633189a23890628939fc45c6d84fa4495abb9f7f06e60f73a31b8881d834214864d46db914a09ffc7889ae
  languageName: node
  linkType: hard

"markdown-it@npm:12.2.0":
  version: 12.2.0
  resolution: "markdown-it@npm:12.2.0"
  dependencies:
    argparse: ^2.0.1
    entities: ~2.1.0
    linkify-it: ^3.0.1
    mdurl: ^1.0.1
    uc.micro: ^1.0.5
  bin:
    markdown-it: bin/markdown-it.js
  checksum: 8e3d6646edf8e7ef19ed707c59d16741bd40804f1e7567407efd2f346ae0f7ddcdeada83e7affebd21b9d7d947b27fc60fd795a970461785030a4e52e750122b
  languageName: node
  linkType: hard

"markdownlint-cli2-formatter-default@npm:^0.0.2":
  version: 0.0.2
  resolution: "markdownlint-cli2-formatter-default@npm:0.0.2"
  peerDependencies:
    markdownlint-cli2: ">=0.0.4"
  checksum: c1bd4b741abd107c8b6ab27ead0a2d5eb7bf59fd7f8cdfad79fcd56b8ccc5866c35a31561f7ff64fe3e6e2f4a1cc9e65e78484689c21c8615606cd3c981228c5
  languageName: node
  linkType: hard

"markdownlint-cli2@npm:0.3.2":
  version: 0.3.2
  resolution: "markdownlint-cli2@npm:0.3.2"
  dependencies:
    globby: ~11.0.4
    markdownlint: ~0.24.0
    markdownlint-cli2-formatter-default: ^0.0.2
    markdownlint-rule-helpers: ~0.15.0
    micromatch: ~4.0.4
    strip-json-comments: ~3.1.1
    yaml: ~1.10.2
  bin:
    markdownlint-cli2: markdownlint-cli2.js
    markdownlint-cli2-fix: markdownlint-cli2-fix.js
  checksum: 1648e31aa372511bd604769ecc6de390ca2da15e27d70cf177447b9f3434714195973b8e3565c5b682a297c5456ee6dc10307fb12824d48a042efb84c41a9955
  languageName: node
  linkType: hard

"markdownlint-rule-helpers@npm:~0.15.0":
  version: 0.15.0
  resolution: "markdownlint-rule-helpers@npm:0.15.0"
  checksum: c8cc35fdadf1908e89d08cffa6ab917c56656cd1f4a4bc04f0640a6835658a26d5917251d6d76aea23c242488e51ea86211115f3af102f1925f339e4d3a2b271
  languageName: node
  linkType: hard

"markdownlint@npm:~0.24.0":
  version: 0.24.0
  resolution: "markdownlint@npm:0.24.0"
  dependencies:
    markdown-it: 12.2.0
  checksum: 5308070947796d706e752e7dfe6c741fe613d007be152e710a1fb7bbe2f0481beb2be4c0ed053065aea631daeac3f86d66e5e8cb9a753febf35158930771f34f
  languageName: node
  linkType: hard

"mdurl@npm:^1.0.1":
  version: 1.0.1
  resolution: "mdurl@npm:1.0.1"
  checksum: 71731ecba943926bfbf9f9b51e28b5945f9411c4eda80894221b47cc105afa43ba2da820732b436f0798fd3edbbffcd1fc1415843c41a87fea08a41cc1e3d02b
  languageName: node
  linkType: hard

"merge2@npm:^1.3.0":
  version: 1.4.1
  resolution: "merge2@npm:1.4.1"
  checksum: 7268db63ed5169466540b6fb947aec313200bcf6d40c5ab722c22e242f651994619bcd85601602972d3c85bd2cc45a358a4c61937e9f11a061919a1da569b0c2
  languageName: node
  linkType: hard

"micromatch@npm:^4.0.2, micromatch@npm:~4.0.4":
  version: 4.0.4
  resolution: "micromatch@npm:4.0.4"
  dependencies:
    braces: ^3.0.1
    picomatch: ^2.2.3
  checksum: ef3d1c88e79e0a68b0e94a03137676f3324ac18a908c245a9e5936f838079fcc108ac7170a5fadc265a9c2596963462e402841406bda1a4bb7b68805601d631c
  languageName: node
  linkType: hard

"path-type@npm:^4.0.0":
  version: 4.0.0
  resolution: "path-type@npm:4.0.0"
  checksum: 5b1e2daa247062061325b8fdbfd1fb56dde0a448fb1455453276ea18c60685bdad23a445dc148cf87bc216be1573357509b7d4060494a6fd768c7efad833ee45
  languageName: node
  linkType: hard

"picomatch@npm:^2.2.1, picomatch@npm:^2.2.3":
  version: 2.3.0
  resolution: "picomatch@npm:2.3.0"
  checksum: 16818720ea7c5872b6af110760dee856c8e4cd79aed1c7a006d076b1cc09eff3ae41ca5019966694c33fbd2e1cc6ea617ab10e4adac6df06556168f13be3fca2
  languageName: node
  linkType: hard

"queue-microtask@npm:^1.2.2":
  version: 1.2.3
  resolution: "queue-microtask@npm:1.2.3"
  checksum: b676f8c040cdc5b12723ad2f91414d267605b26419d5c821ff03befa817ddd10e238d22b25d604920340fd73efd8ba795465a0377c4adf45a4a41e4234e42dc4
  languageName: node
  linkType: hard

"reusify@npm:^1.0.4":
  version: 1.0.4
  resolution: "reusify@npm:1.0.4"
  checksum: c3076ebcc22a6bc252cb0b9c77561795256c22b757f40c0d8110b1300723f15ec0fc8685e8d4ea6d7666f36c79ccc793b1939c748bf36f18f542744a4e379fcc
  languageName: node
  linkType: hard

"root-workspace-0b6124@workspace:.":
  version: 0.0.0-use.local
  resolution: "root-workspace-0b6124@workspace:."
  dependencies:
    markdownlint-cli2: 0.3.2
  languageName: unknown
  linkType: soft

"run-parallel@npm:^1.1.9":
  version: 1.2.0
  resolution: "run-parallel@npm:1.2.0"
  dependencies:
    queue-microtask: ^1.2.2
  checksum: cb4f97ad25a75ebc11a8ef4e33bb962f8af8516bb2001082ceabd8902e15b98f4b84b4f8a9b222e5d57fc3bd1379c483886ed4619367a7680dad65316993021d
  languageName: node
  linkType: hard

"slash@npm:^3.0.0":
  version: 3.0.0
  resolution: "slash@npm:3.0.0"
  checksum: 94a93fff615f25a999ad4b83c9d5e257a7280c90a32a7cb8b4a87996e4babf322e469c42b7f649fd5796edd8687652f3fb452a86dc97a816f01113183393f11c
  languageName: node
  linkType: hard

"strip-json-comments@npm:~3.1.1":
  version: 3.1.1
  resolution: "strip-json-comments@npm:3.1.1"
  checksum: 492f73e27268f9b1c122733f28ecb0e7e8d8a531a6662efbd08e22cccb3f9475e90a1b82cab06a392f6afae6d2de636f977e231296400d0ec5304ba70f166443
  languageName: node
  linkType: hard

"to-regex-range@npm:^5.0.1":
  version: 5.0.1
  resolution: "to-regex-range@npm:5.0.1"
  dependencies:
    is-number: ^7.0.0
  checksum: f76fa01b3d5be85db6a2a143e24df9f60dd047d151062d0ba3df62953f2f697b16fe5dad9b0ac6191c7efc7b1d9dcaa4b768174b7b29da89d4428e64bc0a20ed
  languageName: node
  linkType: hard

"uc.micro@npm:^1.0.1, uc.micro@npm:^1.0.5":
  version: 1.0.6
  resolution: "uc.micro@npm:1.0.6"
  checksum: 6898bb556319a38e9cf175e3628689347bd26fec15fc6b29fa38e0045af63075ff3fea4cf1fdba9db46c9f0cbf07f2348cd8844889dd31ebd288c29fe0d27e7a
  languageName: node
  linkType: hard

"yaml@npm:~1.10.2":
  version: 1.10.2
  resolution: "yaml@npm:1.10.2"
  checksum: ce4ada136e8a78a0b08dc10b4b900936912d15de59905b2bf415b4d33c63df1d555d23acb2a41b23cf9fb5da41c256441afca3d6509de7247daa062fd2c5ea5f
  languageName: node
  linkType: hard
